
Microsoft Visual Studio Solution File, Format Version 12.00
# Visual Studio Version 17
VisualStudioVersion = 17.9.34622.214
MinimumVisualStudioVersion = 10.0.40219.1
Project("{9A19103F-16F7-4668-BE54-9A1E7A4F7556}") = "listaExercicioUm.", "listaExercicioUm\listaExercicioUm..csproj", "{EBF3A379-A2E3-4E78-A458-0AE6E57FC7B1}"
EndProject
Project("{2150E333-8FDC-42A3-9474-1A3956D46DE8}") = "Exercicio 1", "Exercicio 1", "{F5E5E205-79AD-4EE5-80E7-BACAB5CF47AF}"
EndProject
Project("{9A19103F-16F7-4668-BE54-9A1E7A4F7556}") = "Exercicio2", "Exercicio2\Exercicio2.csproj", "{710E45F2-4FFF-4217-ACBB-7EC992CE9E0B}"
EndProject
Project("{9A19103F-16F7-4668-BE54-9A1E7A4F7556}") = "Excercicio3", "Excercicio3\Excercicio3.csproj", "{1A3D32E7-FEFA-409A-8DF1-BF087967B7F2}"
EndProject
Project("{9A19103F-16F7-4668-BE54-9A1E7A4F7556}") = "Exercicio4", "Exercicio4\Exercicio4.csproj", "{C8B9B0A7-7379-4C0C-B0E8-AFC890A42428}"
EndProject
Project("{9A19103F-16F7-4668-BE54-9A1E7A4F7556}") = "Exercicio5", "Exercicio5\Exercicio5.csproj", "{4C51C275-44D5-4545-94D1-1CBB25DDB248}"
EndProject
Project("{9A19103F-16F7-4668-BE54-9A1E7A4F7556}") = "Exercicio06", "Exercicio06\Exercicio06.csproj", "{ABA841C3-E316-41B0-88F0-D25AEA9FAD66}"
EndProject
Project("{9A19103F-16F7-4668-BE54-9A1E7A4F7556}") = "Exercicio7", "Exercicio7\Exercicio7.csproj", "{49F90E21-15D3-4156-99E3-7B01C3186927}"
EndProject
Project("{9A19103F-16F7-4668-BE54-9A1E7A4F7556}") = "Exercicio9", "Exercicio9\Exercicio9.csproj", "{FD2F66E0-08F6-40F8-940C-E549803FEBEB}"
EndProject
Project("{9A19103F-16F7-4668-BE54-9A1E7A4F7556}") = "Excercicio10", "Excercicio10\Excercicio10.csproj", "{51641580-0C47-43E9-8243-C45BC9A2FECF}"
EndProject
Project("{9A19103F-16F7-4668-BE54-9A1E7A4F7556}") = "Exercico12", "Exercico12\Exercico12.csproj", "{0946FCCE-E2A1-42F9-9D9F-656BEBCC7377}"
EndProject
Project("{9A19103F-16F7-4668-BE54-9A1E7A4F7556}") = "Exercicio13", "Exercicio13\Exercicio13.csproj", "{96F9560A-BE06-46C3-8CF6-B32498378040}"
EndProject
Project("{9A19103F-16F7-4668-BE54-9A1E7A4F7556}") = "Exercicio14", "Exercicio14\Exercicio14.csproj", "{B7148AF8-4739-4CD6-B053-7541592AA0B5}"
EndProject
Project("{9A19103F-16F7-4668-BE54-9A1E7A4F7556}") = "Exercicio16", "Exercicio16\Exercicio16.csproj", "{5F4B3CC5-357A-45FD-A820-B57AD12BA84C}"
EndProject
Project("{9A19103F-16F7-4668-BE54-9A1E7A4F7556}") = "Exercicio17", "Exercicio17\Exercicio17.csproj", "{124EED7F-DBE6-414F-A997-513830824B60}"
EndProject
Project("{9A19103F-16F7-4668-BE54-9A1E7A4F7556}") = "Exercicio18", "Exercicio18\Exercicio18.csproj", "{CA18E4AE-ABCA-4966-99DE-4C62E5F296A1}"
EndProject
Project("{9A19103F-16F7-4668-BE54-9A1E7A4F7556}") = "Ecercicio19", "Ecercicio19\Ecercicio19.csproj", "{41E6FDD0-C35F-4790-9F01-B5E8F0897096}"
EndProject
Project("{9A19103F-16F7-4668-BE54-9A1E7A4F7556}") = "Exercicio20", "Exercicio20\Exercicio20.csproj", "{89DE9F63-3AF5-441D-A973-66A8906E0AA6}"
EndProject
Project("{9A19103F-16F7-4668-BE54-9A1E7A4F7556}") = "Exercicio21", "Exercicio21\Exercicio21.csproj", "{56277BA3-DA19-415C-BEC4-719B039F32C8}"
EndProject
Project("{9A19103F-16F7-4668-BE54-9A1E7A4F7556}") = "Exercicio22", "Exercicio22\Exercicio22.csproj", "{DBCFB357-968B-4173-B8FA-DD5376E1237D}"
EndProject
Project("{9A19103F-16F7-4668-BE54-9A1E7A4F7556}") = "Exercico23", "Exercico23\Exercico23.csproj", "{DBEF9836-403B-4B1F-ACB2-95762256C4BF}"
EndProject
Project("{9A19103F-16F7-4668-BE54-9A1E7A4F7556}") = "Exercicio24", "Exercicio24\Exercicio24.csproj", "{826F48C5-8266-40CA-8588-A6C38FAD1078}"
EndProject
Project("{9A19103F-16F7-4668-BE54-9A1E7A4F7556}") = "Exercicio25", "Exercicio25\Exercicio25.csproj", "{1B9CDB74-BF9A-42E4-814E-B0C7D72B00AC}"
EndProject
Project("{FAE04EC0-301F-11D3-BF4B-00C04F79EFBC}") = "Exercicio26", "Exercicio26\Exercicio26.csproj", "{94C0A56D-373B-4050-86D4-E3FD39CC7663}"
EndProject
Project("{FAE04EC0-301F-11D3-BF4B-00C04F79EFBC}") = "Exercicio27", "Exercicio27\Exercicio27.csproj", "{E4CB97CD-74DE-4B0D-A572-FD27D374BAF7}"
EndProject
Project("{2150E333-8FDC-42A3-9474-1A3956D46DE8}") = "Exercicio 2", "Exercicio 2", "{080415DD-B915-468E-B2ED-E7861D45E989}"
EndProject
Project("{2150E333-8FDC-42A3-9474-1A3956D46DE8}") = "Exercicio 3", "Exercicio 3", "{66093ED9-F48A-44BC-8E59-56863E504AAC}"
EndProject
Project("{2150E333-8FDC-42A3-9474-1A3956D46DE8}") = "Exercicio 4", "Exercicio 4", "{CDFB18B0-BFBF-40B5-A7F8-3711FAB8324D}"
EndProject
Project("{2150E333-8FDC-42A3-9474-1A3956D46DE8}") = "Exercicio 5", "Exercicio 5", "{664DE41F-2348-441E-ABFC-570EA0550297}"
EndProject
Project("{2150E333-8FDC-42A3-9474-1A3956D46DE8}") = "Exercicio 6", "Exercicio 6", "{977C0755-5776-48DD-866A-5C2AE9BDE4F7}"
EndProject
Project("{2150E333-8FDC-42A3-9474-1A3956D46DE8}") = "Exercicio 7", "Exercicio 7", "{84A856BB-E39B-4845-B767-2F94C134C805}"
EndProject
Project("{2150E333-8FDC-42A3-9474-1A3956D46DE8}") = "Exercicio 8", "Exercicio 8", "{CC47974F-4169-4102-8C77-DD8A8B5D43C7}"
EndProject
Project("{2150E333-8FDC-42A3-9474-1A3956D46DE8}") = "Exercicio 9", "Exercicio 9", "{D12BCF64-2340-44F4-8825-0250247740B2}"
EndProject
Project("{2150E333-8FDC-42A3-9474-1A3956D46DE8}") = "Exercicio 10", "Exercicio 10", "{00A924ED-20F5-4AD1-8361-61342B137A6B}"
EndProject
Project("{2150E333-8FDC-42A3-9474-1A3956D46DE8}") = "Exercicio 11", "Exercicio 11", "{02A0A7B6-1C89-4F64-9F01-37E967A84E84}"
EndProject
Project("{2150E333-8FDC-42A3-9474-1A3956D46DE8}") = "Exercicio 12", "Exercicio 12", "{CADBA146-41D6-4305-96DD-20796FFB8CB5}"
EndProject
Project("{2150E333-8FDC-42A3-9474-1A3956D46DE8}") = "Exercicio 13", "Exercicio 13", "{34E8477E-1D70-47B1-837E-CFD310B2C98A}"
EndProject
Project("{2150E333-8FDC-42A3-9474-1A3956D46DE8}") = "Exercicio 14", "Exercicio 14", "{BDE5721F-F50B-4A2E-9A86-FC462D366740}"
EndProject
Project("{2150E333-8FDC-42A3-9474-1A3956D46DE8}") = "Exercicio 15", "Exercicio 15", "{85C22026-4725-4D2D-894F-2791082064C3}"
EndProject
Project("{2150E333-8FDC-42A3-9474-1A3956D46DE8}") = "Exercicio 16", "Exercicio 16", "{52168D0C-180E-4ABE-9721-D3C80599D388}"
EndProject
Project("{2150E333-8FDC-42A3-9474-1A3956D46DE8}") = "Exercicio 17", "Exercicio 17", "{BCD0C403-3FD0-4B16-88CA-25DBA07D7DDC}"
EndProject
Project("{2150E333-8FDC-42A3-9474-1A3956D46DE8}") = "Exercicio 18", "Exercicio 18", "{A35CCC4F-92E8-470B-BC6B-F4596FFB24AB}"
EndProject
Project("{2150E333-8FDC-42A3-9474-1A3956D46DE8}") = "Exercicio 19", "Exercicio 19", "{C61A3742-6761-4E51-BBBE-CB56ECD10473}"
EndProject
Project("{2150E333-8FDC-42A3-9474-1A3956D46DE8}") = "Exercicio 20", "Exercicio 20", "{4D0C6496-CA56-47D4-B658-8A8F9833B46D}"
EndProject
Project("{2150E333-8FDC-42A3-9474-1A3956D46DE8}") = "21", "21", "{62767310-D2B9-4892-B525-0BD376643378}"
EndProject
Project("{2150E333-8FDC-42A3-9474-1A3956D46DE8}") = "22", "22", "{9BDC1339-F2AA-4509-9E10-E8DD6885A41E}"
EndProject
Project("{2150E333-8FDC-42A3-9474-1A3956D46DE8}") = "Exercicio 23", "Exercicio 23", "{0A7F8E25-A8F4-4FF2-8E53-8F3164AB2547}"
EndProject
Project("{2150E333-8FDC-42A3-9474-1A3956D46DE8}") = "Exercicio 24", "Exercicio 24", "{4B9CCD70-1BDB-4451-8776-A656CE72034C}"
EndProject
Project("{2150E333-8FDC-42A3-9474-1A3956D46DE8}") = "Exercicio 25", "Exercicio 25", "{776CE09C-C327-40D0-B5B7-F09B84CDF0E1}"
EndProject
Project("{FAE04EC0-301F-11D3-BF4B-00C04F79EFBC}") = "Exercicio28", "Exercicio28\Exercicio28.csproj", "{5F6421DB-9D6E-433D-AE2B-B671FF0272C9}"
EndProject
Global
	GlobalSection(SolutionConfigurationPlatforms) = preSolution
		Debug|Any CPU = Debug|Any CPU
		Release|Any CPU = Release|Any CPU
	EndGlobalSection
	GlobalSection(ProjectConfigurationPlatforms) = postSolution
		{EBF3A379-A2E3-4E78-A458-0AE6E57FC7B1}.Debug|Any CPU.ActiveCfg = Debug|Any CPU
		{EBF3A379-A2E3-4E78-A458-0AE6E57FC7B1}.Debug|Any CPU.Build.0 = Debug|Any CPU
		{EBF3A379-A2E3-4E78-A458-0AE6E57FC7B1}.Release|Any CPU.ActiveCfg = Release|Any CPU
		{EBF3A379-A2E3-4E78-A458-0AE6E57FC7B1}.Release|Any CPU.Build.0 = Release|Any CPU
		{710E45F2-4FFF-4217-ACBB-7EC992CE9E0B}.Debug|Any CPU.ActiveCfg = Debug|Any CPU
		{710E45F2-4FFF-4217-ACBB-7EC992CE9E0B}.Debug|Any CPU.Build.0 = Debug|Any CPU
		{710E45F2-4FFF-4217-ACBB-7EC992CE9E0B}.Release|Any CPU.ActiveCfg = Release|Any CPU
		{710E45F2-4FFF-4217-ACBB-7EC992CE9E0B}.Release|Any CPU.Build.0 = Release|Any CPU
		{1A3D32E7-FEFA-409A-8DF1-BF087967B7F2}.Debug|Any CPU.ActiveCfg = Debug|Any CPU
		{1A3D32E7-FEFA-409A-8DF1-BF087967B7F2}.Debug|Any CPU.Build.0 = Debug|Any CPU
		{1A3D32E7-FEFA-409A-8DF1-BF087967B7F2}.Release|Any CPU.ActiveCfg = Release|Any CPU
		{1A3D32E7-FEFA-409A-8DF1-BF087967B7F2}.Release|Any CPU.Build.0 = Release|Any CPU
		{C8B9B0A7-7379-4C0C-B0E8-AFC890A42428}.Debug|Any CPU.ActiveCfg = Debug|Any CPU
		{C8B9B0A7-7379-4C0C-B0E8-AFC890A42428}.Debug|Any CPU.Build.0 = Debug|Any CPU
		{C8B9B0A7-7379-4C0C-B0E8-AFC890A42428}.Release|Any CPU.ActiveCfg = Release|Any CPU
		{C8B9B0A7-7379-4C0C-B0E8-AFC890A42428}.Release|Any CPU.Build.0 = Release|Any CPU
		{4C51C275-44D5-4545-94D1-1CBB25DDB248}.Debug|Any CPU.ActiveCfg = Debug|Any CPU
		{4C51C275-44D5-4545-94D1-1CBB25DDB248}.Debug|Any CPU.Build.0 = Debug|Any CPU
		{4C51C275-44D5-4545-94D1-1CBB25DDB248}.Release|Any CPU.ActiveCfg = Release|Any CPU
		{4C51C275-44D5-4545-94D1-1CBB25DDB248}.Release|Any CPU.Build.0 = Release|Any CPU
		{ABA841C3-E316-41B0-88F0-D25AEA9FAD66}.Debug|Any CPU.ActiveCfg = Debug|Any CPU
		{ABA841C3-E316-41B0-88F0-D25AEA9FAD66}.Debug|Any CPU.Build.0 = Debug|Any CPU
		{ABA841C3-E316-41B0-88F0-D25AEA9FAD66}.Release|Any CPU.ActiveCfg = Release|Any CPU
		{ABA841C3-E316-41B0-88F0-D25AEA9FAD66}.Release|Any CPU.Build.0 = Release|Any CPU
		{49F90E21-15D3-4156-99E3-7B01C3186927}.Debug|Any CPU.ActiveCfg = Debug|Any CPU
		{49F90E21-15D3-4156-99E3-7B01C3186927}.Debug|Any CPU.Build.0 = Debug|Any CPU
		{49F90E21-15D3-4156-99E3-7B01C3186927}.Release|Any CPU.ActiveCfg = Release|Any CPU
		{49F90E21-15D3-4156-99E3-7B01C3186927}.Release|Any CPU.Build.0 = Release|Any CPU
		{FD2F66E0-08F6-40F8-940C-E549803FEBEB}.Debug|Any CPU.ActiveCfg = Debug|Any CPU
		{FD2F66E0-08F6-40F8-940C-E549803FEBEB}.Debug|Any CPU.Build.0 = Debug|Any CPU
		{FD2F66E0-08F6-40F8-940C-E549803FEBEB}.Release|Any CPU.ActiveCfg = Release|Any CPU
		{FD2F66E0-08F6-40F8-940C-E549803FEBEB}.Release|Any CPU.Build.0 = Release|Any CPU
		{51641580-0C47-43E9-8243-C45BC9A2FECF}.Debug|Any CPU.ActiveCfg = Debug|Any CPU
		{51641580-0C47-43E9-8243-C45BC9A2FECF}.Debug|Any CPU.Build.0 = Debug|Any CPU
		{51641580-0C47-43E9-8243-C45BC9A2FECF}.Release|Any CPU.ActiveCfg = Release|Any CPU
		{51641580-0C47-43E9-8243-C45BC9A2FECF}.Release|Any CPU.Build.0 = Release|Any CPU
		{0946FCCE-E2A1-42F9-9D9F-656BEBCC7377}.Debug|Any CPU.ActiveCfg = Debug|Any CPU
		{0946FCCE-E2A1-42F9-9D9F-656BEBCC7377}.Debug|Any CPU.Build.0 = Debug|Any CPU
		{0946FCCE-E2A1-42F9-9D9F-656BEBCC7377}.Release|Any CPU.ActiveCfg = Release|Any CPU
		{0946FCCE-E2A1-42F9-9D9F-656BEBCC7377}.Release|Any CPU.Build.0 = Release|Any CPU
		{96F9560A-BE06-46C3-8CF6-B32498378040}.Debug|Any CPU.ActiveCfg = Debug|Any CPU
		{96F9560A-BE06-46C3-8CF6-B32498378040}.Debug|Any CPU.Build.0 = Debug|Any CPU
		{96F9560A-BE06-46C3-8CF6-B32498378040}.Release|Any CPU.ActiveCfg = Release|Any CPU
		{96F9560A-BE06-46C3-8CF6-B32498378040}.Release|Any CPU.Build.0 = Release|Any CPU
		{B7148AF8-4739-4CD6-B053-7541592AA0B5}.Debug|Any CPU.ActiveCfg = Debug|Any CPU
		{B7148AF8-4739-4CD6-B053-7541592AA0B5}.Debug|Any CPU.Build.0 = Debug|Any CPU
		{B7148AF8-4739-4CD6-B053-7541592AA0B5}.Release|Any CPU.ActiveCfg = Release|Any CPU
		{B7148AF8-4739-4CD6-B053-7541592AA0B5}.Release|Any CPU.Build.0 = Release|Any CPU
		{5F4B3CC5-357A-45FD-A820-B57AD12BA84C}.Debug|Any CPU.ActiveCfg = Debug|Any CPU
		{5F4B3CC5-357A-45FD-A820-B57AD12BA84C}.Debug|Any CPU.Build.0 = Debug|Any CPU
		{5F4B3CC5-357A-45FD-A820-B57AD12BA84C}.Release|Any CPU.ActiveCfg = Release|Any CPU
		{5F4B3CC5-357A-45FD-A820-B57AD12BA84C}.Release|Any CPU.Build.0 = Release|Any CPU
		{124EED7F-DBE6-414F-A997-513830824B60}.Debug|Any CPU.ActiveCfg = Debug|Any CPU
		{124EED7F-DBE6-414F-A997-513830824B60}.Debug|Any CPU.Build.0 = Debug|Any CPU
		{124EED7F-DBE6-414F-A997-513830824B60}.Release|Any CPU.ActiveCfg = Release|Any CPU
		{124EED7F-DBE6-414F-A997-513830824B60}.Release|Any CPU.Build.0 = Release|Any CPU
		{CA18E4AE-ABCA-4966-99DE-4C62E5F296A1}.Debug|Any CPU.ActiveCfg = Debug|Any CPU
		{CA18E4AE-ABCA-4966-99DE-4C62E5F296A1}.Debug|Any CPU.Build.0 = Debug|Any CPU
		{CA18E4AE-ABCA-4966-99DE-4C62E5F296A1}.Release|Any CPU.ActiveCfg = Release|Any CPU
		{CA18E4AE-ABCA-4966-99DE-4C62E5F296A1}.Release|Any CPU.Build.0 = Release|Any CPU
		{41E6FDD0-C35F-4790-9F01-B5E8F0897096}.Debug|Any CPU.ActiveCfg = Debug|Any CPU
		{41E6FDD0-C35F-4790-9F01-B5E8F0897096}.Debug|Any CPU.Build.0 = Debug|Any CPU
		{41E6FDD0-C35F-4790-9F01-B5E8F0897096}.Release|Any CPU.ActiveCfg = Release|Any CPU
		{41E6FDD0-C35F-4790-9F01-B5E8F0897096}.Release|Any CPU.Build.0 = Release|Any CPU
		{89DE9F63-3AF5-441D-A973-66A8906E0AA6}.Debug|Any CPU.ActiveCfg = Debug|Any CPU
		{89DE9F63-3AF5-441D-A973-66A8906E0AA6}.Debug|Any CPU.Build.0 = Debug|Any CPU
		{89DE9F63-3AF5-441D-A973-66A8906E0AA6}.Release|Any CPU.ActiveCfg = Release|Any CPU
		{89DE9F63-3AF5-441D-A973-66A8906E0AA6}.Release|Any CPU.Build.0 = Release|Any CPU
		{56277BA3-DA19-415C-BEC4-719B039F32C8}.Debug|Any CPU.ActiveCfg = Debug|Any CPU
		{56277BA3-DA19-415C-BEC4-719B039F32C8}.Debug|Any CPU.Build.0 = Debug|Any CPU
		{56277BA3-DA19-415C-BEC4-719B039F32C8}.Release|Any CPU.ActiveCfg = Release|Any CPU
		{56277BA3-DA19-415C-BEC4-719B039F32C8}.Release|Any CPU.Build.0 = Release|Any CPU
		{DBCFB357-968B-4173-B8FA-DD5376E1237D}.Debug|Any CPU.ActiveCfg = Debug|Any CPU
		{DBCFB357-968B-4173-B8FA-DD5376E1237D}.Debug|Any CPU.Build.0 = Debug|Any CPU
		{DBCFB357-968B-4173-B8FA-DD5376E1237D}.Release|Any CPU.ActiveCfg = Release|Any CPU
		{DBCFB357-968B-4173-B8FA-DD5376E1237D}.Release|Any CPU.Build.0 = Release|Any CPU
		{DBEF9836-403B-4B1F-ACB2-95762256C4BF}.Debug|Any CPU.ActiveCfg = Debug|Any CPU
		{DBEF9836-403B-4B1F-ACB2-95762256C4BF}.Debug|Any CPU.Build.0 = Debug|Any CPU
		{DBEF9836-403B-4B1F-ACB2-95762256C4BF}.Release|Any CPU.ActiveCfg = Release|Any CPU
		{DBEF9836-403B-4B1F-ACB2-95762256C4BF}.Release|Any CPU.Build.0 = Release|Any CPU
		{826F48C5-8266-40CA-8588-A6C38FAD1078}.Debug|Any CPU.ActiveCfg = Debug|Any CPU
		{826F48C5-8266-40CA-8588-A6C38FAD1078}.Debug|Any CPU.Build.0 = Debug|Any CPU
		{826F48C5-8266-40CA-8588-A6C38FAD1078}.Release|Any CPU.ActiveCfg = Release|Any CPU
		{826F48C5-8266-40CA-8588-A6C38FAD1078}.Release|Any CPU.Build.0 = Release|Any CPU
		{1B9CDB74-BF9A-42E4-814E-B0C7D72B00AC}.Debug|Any CPU.ActiveCfg = Debug|Any CPU
		{1B9CDB74-BF9A-42E4-814E-B0C7D72B00AC}.Debug|Any CPU.Build.0 = Debug|Any CPU
		{1B9CDB74-BF9A-42E4-814E-B0C7D72B00AC}.Release|Any CPU.ActiveCfg = Release|Any CPU
		{1B9CDB74-BF9A-42E4-814E-B0C7D72B00AC}.Release|Any CPU.Build.0 = Release|Any CPU
		{94C0A56D-373B-4050-86D4-E3FD39CC7663}.Debug|Any CPU.ActiveCfg = Debug|Any CPU
		{94C0A56D-373B-4050-86D4-E3FD39CC7663}.Debug|Any CPU.Build.0 = Debug|Any CPU
		{94C0A56D-373B-4050-86D4-E3FD39CC7663}.Release|Any CPU.ActiveCfg = Release|Any CPU
		{94C0A56D-373B-4050-86D4-E3FD39CC7663}.Release|Any CPU.Build.0 = Release|Any CPU
		{E4CB97CD-74DE-4B0D-A572-FD27D374BAF7}.Debug|Any CPU.ActiveCfg = Debug|Any CPU
		{E4CB97CD-74DE-4B0D-A572-FD27D374BAF7}.Debug|Any CPU.Build.0 = Debug|Any CPU
		{E4CB97CD-74DE-4B0D-A572-FD27D374BAF7}.Release|Any CPU.ActiveCfg = Release|Any CPU
		{E4CB97CD-74DE-4B0D-A572-FD27D374BAF7}.Release|Any CPU.Build.0 = Release|Any CPU
		{5F6421DB-9D6E-433D-AE2B-B671FF0272C9}.Debug|Any CPU.ActiveCfg = Debug|Any CPU
		{5F6421DB-9D6E-433D-AE2B-B671FF0272C9}.Debug|Any CPU.Build.0 = Debug|Any CPU
		{5F6421DB-9D6E-433D-AE2B-B671FF0272C9}.Release|Any CPU.ActiveCfg = Release|Any CPU
		{5F6421DB-9D6E-433D-AE2B-B671FF0272C9}.Release|Any CPU.Build.0 = Release|Any CPU
	EndGlobalSection
	GlobalSection(SolutionProperties) = preSolution
		HideSolutionNode = FALSE
	EndGlobalSection
	GlobalSection(NestedProjects) = preSolution
		{EBF3A379-A2E3-4E78-A458-0AE6E57FC7B1} = {F5E5E205-79AD-4EE5-80E7-BACAB5CF47AF}
		{710E45F2-4FFF-4217-ACBB-7EC992CE9E0B} = {080415DD-B915-468E-B2ED-E7861D45E989}
		{1A3D32E7-FEFA-409A-8DF1-BF087967B7F2} = {66093ED9-F48A-44BC-8E59-56863E504AAC}
		{C8B9B0A7-7379-4C0C-B0E8-AFC890A42428} = {CDFB18B0-BFBF-40B5-A7F8-3711FAB8324D}
		{4C51C275-44D5-4545-94D1-1CBB25DDB248} = {664DE41F-2348-441E-ABFC-570EA0550297}
		{ABA841C3-E316-41B0-88F0-D25AEA9FAD66} = {977C0755-5776-48DD-866A-5C2AE9BDE4F7}
		{49F90E21-15D3-4156-99E3-7B01C3186927} = {84A856BB-E39B-4845-B767-2F94C134C805}
		{FD2F66E0-08F6-40F8-940C-E549803FEBEB} = {CC47974F-4169-4102-8C77-DD8A8B5D43C7}
		{51641580-0C47-43E9-8243-C45BC9A2FECF} = {D12BCF64-2340-44F4-8825-0250247740B2}
		{0946FCCE-E2A1-42F9-9D9F-656BEBCC7377} = {00A924ED-20F5-4AD1-8361-61342B137A6B}
		{96F9560A-BE06-46C3-8CF6-B32498378040} = {02A0A7B6-1C89-4F64-9F01-37E967A84E84}
		{B7148AF8-4739-4CD6-B053-7541592AA0B5} = {CADBA146-41D6-4305-96DD-20796FFB8CB5}
		{5F4B3CC5-357A-45FD-A820-B57AD12BA84C} = {34E8477E-1D70-47B1-837E-CFD310B2C98A}
		{124EED7F-DBE6-414F-A997-513830824B60} = {BDE5721F-F50B-4A2E-9A86-FC462D366740}
		{CA18E4AE-ABCA-4966-99DE-4C62E5F296A1} = {85C22026-4725-4D2D-894F-2791082064C3}
		{41E6FDD0-C35F-4790-9F01-B5E8F0897096} = {52168D0C-180E-4ABE-9721-D3C80599D388}
		{89DE9F63-3AF5-441D-A973-66A8906E0AA6} = {BCD0C403-3FD0-4B16-88CA-25DBA07D7DDC}
		{56277BA3-DA19-415C-BEC4-719B039F32C8} = {A35CCC4F-92E8-470B-BC6B-F4596FFB24AB}
		{DBCFB357-968B-4173-B8FA-DD5376E1237D} = {C61A3742-6761-4E51-BBBE-CB56ECD10473}
		{DBEF9836-403B-4B1F-ACB2-95762256C4BF} = {4D0C6496-CA56-47D4-B658-8A8F9833B46D}
		{826F48C5-8266-40CA-8588-A6C38FAD1078} = {62767310-D2B9-4892-B525-0BD376643378}
		{1B9CDB74-BF9A-42E4-814E-B0C7D72B00AC} = {9BDC1339-F2AA-4509-9E10-E8DD6885A41E}
		{94C0A56D-373B-4050-86D4-E3FD39CC7663} = {0A7F8E25-A8F4-4FF2-8E53-8F3164AB2547}
		{E4CB97CD-74DE-4B0D-A572-FD27D374BAF7} = {4B9CCD70-1BDB-4451-8776-A656CE72034C}
		{5F6421DB-9D6E-433D-AE2B-B671FF0272C9} = {776CE09C-C327-40D0-B5B7-F09B84CDF0E1}
	EndGlobalSection
	GlobalSection(ExtensibilityGlobals) = postSolution
		SolutionGuid = {565D01E1-20CD-483D-9818-2840D2D4C96A}
	EndGlobalSection
EndGlobal
